
Microsoft Visual Studio Solution File, Format Version 12.00
# Visual Studio Version 16
VisualStudioVersion = 16.0.30225.117
MinimumVisualStudioVersion = 10.0.40219.1
Project("{FAE04EC0-301F-11D3-BF4B-00C04F79EFBC}") = "StarWars.API", "StarWars.API\StarWars.API.csproj", "{0030E1A8-B035-4547-9CB6-A377FEAB362F}"
EndProject
Project("{FAE04EC0-301F-11D3-BF4B-00C04F79EFBC}") = "StarWars.DATA", "StarWars.DATA\StarWars.DATA.csproj", "{C8673CE1-B2A9-4C68-8E1A-2D41A606AC16}"
EndProject
Project("{FAE04EC0-301F-11D3-BF4B-00C04F79EFBC}") = "StarWars.CORE", "StarWars.CORE\StarWars.CORE.csproj", "{A37641D8-42E7-4D53-81A9-A7A8CACD9C7F}"
EndProject
Global
	GlobalSection(SolutionConfigurationPlatforms) = preSolution
		Debug|Any CPU = Debug|Any CPU
		Release|Any CPU = Release|Any CPU
	EndGlobalSection
	GlobalSection(ProjectConfigurationPlatforms) = postSolution
		{0030E1A8-B035-4547-9CB6-A377FEAB362F}.Debug|Any CPU.ActiveCfg = Debug|Any CPU
		{0030E1A8-B035-4547-9CB6-A377FEAB362F}.Debug|Any CPU.Build.0 = Debug|Any CPU
		{0030E1A8-B035-4547-9CB6-A377FEAB362F}.Release|Any CPU.ActiveCfg = Release|Any CPU
		{0030E1A8-B035-4547-9CB6-A377FEAB362F}.Release|Any CPU.Build.0 = Release|Any CPU
		{C8673CE1-B2A9-4C68-8E1A-2D41A606AC16}.Debug|Any CPU.ActiveCfg = Debug|Any CPU
		{C8673CE1-B2A9-4C68-8E1A-2D41A606AC16}.Debug|Any CPU.Build.0 = Debug|Any CPU
		{C8673CE1-B2A9-4C68-8E1A-2D41A606AC16}.Release|Any CPU.ActiveCfg = Release|Any CPU
		{C8673CE1-B2A9-4C68-8E1A-2D41A606AC16}.Release|Any CPU.Build.0 = Release|Any CPU
		{A37641D8-42E7-4D53-81A9-A7A8CACD9C7F}.Debug|Any CPU.ActiveCfg = Debug|Any CPU
		{A37641D8-42E7-4D53-81A9-A7A8CACD9C7F}.Debug|Any CPU.Build.0 = Debug|Any CPU
		{A37641D8-42E7-4D53-81A9-A7A8CACD9C7F}.Release|Any CPU.ActiveCfg = Release|Any CPU
		{A37641D8-42E7-4D53-81A9-A7A8CACD9C7F}.Release|Any CPU.Build.0 = Release|Any CPU
	EndGlobalSection
	GlobalSection(SolutionProperties) = preSolution
		HideSolutionNode = FALSE
	EndGlobalSection
	GlobalSection(ExtensibilityGlobals) = postSolution
		SolutionGuid = {8EF8A34E-ACA7-447D-AD4E-22694C18668A}
	EndGlobalSection
EndGlobal
